// !$*UTF8*$!
{
	archiveVersion = 1;
	classes = {
	};
	objectVersion = 46;
	objects = {

/* Begin PBXAggregateTarget section */
		202E1E81429F49E0814BAC8D /* ZERO_CHECK */ = {
			isa = PBXAggregateTarget;
			buildConfigurationList = 35C35E4F61A34DB9AC28931B /* Build configuration list for PBXAggregateTarget "ZERO_CHECK" */;
			buildPhases = (
				85EBF502733C448C837D2F14 /* CMake Rules */,
			);
			dependencies = (
			);
			name = ZERO_CHECK;
			productName = ZERO_CHECK;
		};
		D463572CD3E240DEA23C278F /* ALL_BUILD */ = {
			isa = PBXAggregateTarget;
			buildConfigurationList = 4F08FCB3E16E4D6CB6BB58C1 /* Build configuration list for PBXAggregateTarget "ALL_BUILD" */;
			buildPhases = (
				7B6FFF3957814497A027E4BD /* CMake Rules */,
			);
			dependencies = (
				6E9AB106FCD94000A0A97B43 /* PBXTargetDependency */,
				40F8EEA939904793BBE61A7C /* PBXTargetDependency */,
			);
			name = ALL_BUILD;
			productName = ALL_BUILD;
		};
/* End PBXAggregateTarget section */

/* Begin PBXBuildFile section */
		ACF08C7E1D10333700AF673E /* app.cpp in Sources */ = {isa = PBXBuildFile; fileRef = ACF08C781D10333700AF673E /* app.cpp */; };
		ACF08C7F1D10333700AF673E /* graphic.cpp in Sources */ = {isa = PBXBuildFile; fileRef = ACF08C7B1D10333700AF673E /* graphic.cpp */; };
		EEDA04390A7B456C980A2DD9 /* main.cpp in Sources */ = {isa = PBXBuildFile; fileRef = 692E809AFE3D41F39311A781 /* main.cpp */; settings = {COMPILER_FLAGS = ""; }; };
/* End PBXBuildFile section */

/* Begin PBXContainerItemProxy section */
		7B3AFD76A1D94D48A83E170A /* PBXContainerItemProxy */ = {
			isa = PBXContainerItemProxy;
			containerPortal = 6700EDD4D6F848E3B3E2F729 /* Project object */;
			proxyType = 1;
			remoteGlobalIDString = 202E1E81429F49E0814BAC8D;
			remoteInfo = ZERO_CHECK;
		};
		99A34324B5AC40FAA7112DDD /* PBXContainerItemProxy */ = {
			isa = PBXContainerItemProxy;
			containerPortal = 6700EDD4D6F848E3B3E2F729 /* Project object */;
			proxyType = 1;
			remoteGlobalIDString = 202E1E81429F49E0814BAC8D;
			remoteInfo = ZERO_CHECK;
		};
		BF0D7FF3E2AB4AA79BB07552 /* PBXContainerItemProxy */ = {
			isa = PBXContainerItemProxy;
			containerPortal = 6700EDD4D6F848E3B3E2F729 /* Project object */;
			proxyType = 1;
			remoteGlobalIDString = 5C3F6950B3D143A1AFE8BA3B;
			remoteInfo = YanaiLib;
		};
/* End PBXContainerItemProxy section */

/* Begin PBXFileReference section */
		0066733A1059457C916ABA29 /* CMakeLists.txt */ = {isa = PBXFileReference; explicitFileType = sourcecode.text; fileEncoding = 4; lastKnownFileType = text; path = CMakeLists.txt; sourceTree = SOURCE_ROOT; };
		2B27622AAF8943EDA98F8E2F /* CMakeLists.txt */ = {isa = PBXFileReference; explicitFileType = sourcecode.text; fileEncoding = 4; lastKnownFileType = text; name = CMakeLists.txt; path = src/CMakeLists.txt; sourceTree = SOURCE_ROOT; };
		4A315DF6E77B4C60AD64F3FA /* YanaiLib */ = {isa = PBXFileReference; explicitFileType = "compiled.mach-o.executable"; path = YanaiLib; sourceTree = BUILT_PRODUCTS_DIR; };
		692E809AFE3D41F39311A781 /* main.cpp */ = {isa = PBXFileReference; explicitFileType = sourcecode.cpp.cpp; fileEncoding = 4; name = main.cpp; path = src/main.cpp; sourceTree = SOURCE_ROOT; };
		ACF08C781D10333700AF673E /* app.cpp */ = {isa = PBXFileReference; fileEncoding = 4; lastKnownFileType = sourcecode.cpp.cpp; path = app.cpp; sourceTree = "<group>"; };
		ACF08C791D10333700AF673E /* app.hpp */ = {isa = PBXFileReference; fileEncoding = 4; lastKnownFileType = sourcecode.cpp.h; path = app.hpp; sourceTree = "<group>"; };
		ACF08C7A1D10333700AF673E /* color.hpp */ = {isa = PBXFileReference; fileEncoding = 4; lastKnownFileType = sourcecode.cpp.h; path = color.hpp; sourceTree = "<group>"; };
		ACF08C7B1D10333700AF673E /* graphic.cpp */ = {isa = PBXFileReference; fileEncoding = 4; lastKnownFileType = sourcecode.cpp.cpp; path = graphic.cpp; sourceTree = "<group>"; };
		ACF08C7C1D10333700AF673E /* graphic.hpp */ = {isa = PBXFileReference; fileEncoding = 4; lastKnownFileType = sourcecode.cpp.h; path = graphic.hpp; sourceTree = "<group>"; };
		ACF08C7D1D10333700AF673E /* key.hpp */ = {isa = PBXFileReference; fileEncoding = 4; lastKnownFileType = sourcecode.cpp.h; path = key.hpp; sourceTree = "<group>"; };
		ACF08C801D10352600AF673E /* mouse.hpp */ = {isa = PBXFileReference; fileEncoding = 4; lastKnownFileType = sourcecode.cpp.h; path = mouse.hpp; sourceTree = "<group>"; };
		EF368EE846C248EA8A8FC05E /* CMakeLists.txt */ = {isa = PBXFileReference; explicitFileType = sourcecode.text; fileEncoding = 4; lastKnownFileType = text; path = CMakeLists.txt; sourceTree = SOURCE_ROOT; };
/* End PBXFileReference section */

/* Begin PBXGroup section */
		10DB3B5513E94407863D6582 /* ZERO_CHECK */ = {
			isa = PBXGroup;
			children = (
				E2AE2F8839464CC0A55E9374 /* CMake Rules */,
				0066733A1059457C916ABA29 /* CMakeLists.txt */,
			);
			name = ZERO_CHECK;
			sourceTree = "<group>";
		};
		33ED55D4C48F4719B67417A8 /* Source Files */ = {
			isa = PBXGroup;
			children = (
				ACF08C771D10333700AF673E /* lib */,
				692E809AFE3D41F39311A781 /* main.cpp */,
			);
			name = "Source Files";
			sourceTree = "<group>";
		};
		39A8D64A9F6A40D7B612BDE0 /* Sources */ = {
			isa = PBXGroup;
			children = (
				54E26C436A7749E49E11CA5F /* ALL_BUILD */,
				10DB3B5513E94407863D6582 /* ZERO_CHECK */,
				6758540B94B14D00BDB5D010 /* YanaiLib */,
			);
			name = Sources;
			sourceTree = "<group>";
		};
		54E26C436A7749E49E11CA5F /* ALL_BUILD */ = {
			isa = PBXGroup;
			children = (
				C67FDCE9074D466B97C21E49 /* CMake Rules */,
				EF368EE846C248EA8A8FC05E /* CMakeLists.txt */,
			);
			name = ALL_BUILD;
			sourceTree = "<group>";
		};
		6758540B94B14D00BDB5D010 /* YanaiLib */ = {
			isa = PBXGroup;
			children = (
				33ED55D4C48F4719B67417A8 /* Source Files */,
				2B27622AAF8943EDA98F8E2F /* CMakeLists.txt */,
			);
			name = YanaiLib;
			sourceTree = "<group>";
		};
		ACF08C771D10333700AF673E /* lib */ = {
			isa = PBXGroup;
			children = (
				ACF08C781D10333700AF673E /* app.cpp */,
				ACF08C791D10333700AF673E /* app.hpp */,
				ACF08C7A1D10333700AF673E /* color.hpp */,
				ACF08C7B1D10333700AF673E /* graphic.cpp */,
				ACF08C7C1D10333700AF673E /* graphic.hpp */,
				ACF08C7D1D10333700AF673E /* key.hpp */,
				ACF08C801D10352600AF673E /* mouse.hpp */,
			);
			name = lib;
			path = src/lib;
			sourceTree = "<group>";
		};
		B890AFF32AA84C5DB4DF19E4 = {
			isa = PBXGroup;
			children = (
				39A8D64A9F6A40D7B612BDE0 /* Sources */,
				E8EB3EE9ED8D4A08B3BF2367 /* Resources */,
				DE7EFFA25B7D4A51A7113BAB /* Products */,
			);
			sourceTree = "<group>";
		};
		C67FDCE9074D466B97C21E49 /* CMake Rules */ = {
			isa = PBXGroup;
			children = (
			);
			name = "CMake Rules";
			sourceTree = "<group>";
		};
		DE7EFFA25B7D4A51A7113BAB /* Products */ = {
			isa = PBXGroup;
			children = (
				4A315DF6E77B4C60AD64F3FA /* YanaiLib */,
			);
			name = Products;
			sourceTree = "<group>";
		};
		E2AE2F8839464CC0A55E9374 /* CMake Rules */ = {
			isa = PBXGroup;
			children = (
			);
			name = "CMake Rules";
			sourceTree = "<group>";
		};
		E8EB3EE9ED8D4A08B3BF2367 /* Resources */ = {
			isa = PBXGroup;
			children = (
			);
			name = Resources;
			sourceTree = "<group>";
		};
/* End PBXGroup section */

/* Begin PBXNativeTarget section */
		5C3F6950B3D143A1AFE8BA3B /* YanaiLib */ = {
			isa = PBXNativeTarget;
			buildConfigurationList = 234E70398C43476CA19199E7 /* Build configuration list for PBXNativeTarget "YanaiLib" */;
			buildPhases = (
				1DB82E254CAE48699BA4FD21 /* Sources */,
			);
			buildRules = (
			);
			dependencies = (
				4931B6E39AAB42B8BDF2F7B6 /* PBXTargetDependency */,
			);
			name = YanaiLib;
			productName = YanaiLib;
			productReference = 4A315DF6E77B4C60AD64F3FA /* YanaiLib */;
			productType = "com.apple.product-type.tool";
		};
/* End PBXNativeTarget section */

/* Begin PBXProject section */
		6700EDD4D6F848E3B3E2F729 /* Project object */ = {
			isa = PBXProject;
			attributes = {
				BuildIndependentTargetsInParallel = YES;
				LastUpgradeCheck = 0730;
			};
			buildConfigurationList = 86BBD981D6FD45289BAA4A02 /* Build configuration list for PBXProject "YanaiLib" */;
			compatibilityVersion = "Xcode 3.2";
			developmentRegion = English;
			hasScannedForEncodings = 0;
			knownRegions = (
				en,
			);
			mainGroup = B890AFF32AA84C5DB4DF19E4;
			projectDirPath = ../;
			projectRoot = "";
			targets = (
				D463572CD3E240DEA23C278F /* ALL_BUILD */,
				202E1E81429F49E0814BAC8D /* ZERO_CHECK */,
				5C3F6950B3D143A1AFE8BA3B /* YanaiLib */,
			);
		};
/* End PBXProject section */

/* Begin PBXShellScriptBuildPhase section */
		7B6FFF3957814497A027E4BD /* CMake Rules */ = {
			isa = PBXShellScriptBuildPhase;
			buildActionMask = 2147483647;
			files = (
			);
			name = "CMake Rules";
			runOnlyForDeploymentPostprocessing = 0;
			shellPath = /bin/sh;
			shellScript = "make -C /Users/yanai/Desktop/YanaiLib/xcode -f /Users/yanai/Desktop/YanaiLib/xcode/CMakeScripts/ALL_BUILD_cmakeRulesBuildPhase.make$CONFIGURATION all";
			showEnvVarsInLog = 0;
		};
		85EBF502733C448C837D2F14 /* CMake Rules */ = {
			isa = PBXShellScriptBuildPhase;
			buildActionMask = 2147483647;
			files = (
			);
			name = "CMake Rules";
			runOnlyForDeploymentPostprocessing = 0;
			shellPath = /bin/sh;
			shellScript = "make -C /Users/yanai/Desktop/YanaiLib/xcode -f /Users/yanai/Desktop/YanaiLib/xcode/CMakeScripts/ZERO_CHECK_cmakeRulesBuildPhase.make$CONFIGURATION all";
			showEnvVarsInLog = 0;
		};
/* End PBXShellScriptBuildPhase section */

/* Begin PBXSourcesBuildPhase section */
		1DB82E254CAE48699BA4FD21 /* Sources */ = {
			isa = PBXSourcesBuildPhase;
			buildActionMask = 2147483647;
			files = (
				EEDA04390A7B456C980A2DD9 /* main.cpp in Sources */,
				ACF08C7F1D10333700AF673E /* graphic.cpp in Sources */,
				ACF08C7E1D10333700AF673E /* app.cpp in Sources */,
			);
			runOnlyForDeploymentPostprocessing = 0;
		};
/* End PBXSourcesBuildPhase section */

/* Begin PBXTargetDependency section */
		40F8EEA939904793BBE61A7C /* PBXTargetDependency */ = {
			isa = PBXTargetDependency;
			target = 202E1E81429F49E0814BAC8D /* ZERO_CHECK */;
			targetProxy = 7B3AFD76A1D94D48A83E170A /* PBXContainerItemProxy */;
		};
		4931B6E39AAB42B8BDF2F7B6 /* PBXTargetDependency */ = {
			isa = PBXTargetDependency;
			target = 202E1E81429F49E0814BAC8D /* ZERO_CHECK */;
			targetProxy = 99A34324B5AC40FAA7112DDD /* PBXContainerItemProxy */;
		};
		6E9AB106FCD94000A0A97B43 /* PBXTargetDependency */ = {
			isa = PBXTargetDependency;
			target = 5C3F6950B3D143A1AFE8BA3B /* YanaiLib */;
			targetProxy = BF0D7FF3E2AB4AA79BB07552 /* PBXContainerItemProxy */;
		};
/* End PBXTargetDependency section */

/* Begin XCBuildConfiguration section */
		01538CA70B0D4BA79C8269EF /* Release */ = {
			isa = XCBuildConfiguration;
			buildSettings = {
				COMBINE_HIDPI_IMAGES = YES;
				GCC_GENERATE_DEBUGGING_SYMBOLS = YES;
				GCC_INLINES_ARE_PRIVATE_EXTERN = NO;
				GCC_OPTIMIZATION_LEVEL = 0;
				GCC_PREPROCESSOR_DEFINITIONS = "'CMAKE_INTDIR=\"$(CONFIGURATION)$(EFFECTIVE_PLATFORM_NAME)\"'";
				GCC_SYMBOLS_PRIVATE_EXTERN = NO;
				INSTALL_PATH = "";
				OTHER_LDFLAGS = " ";
				OTHER_REZFLAGS = "";
				PRODUCT_NAME = ALL_BUILD;
				SECTORDER_FLAGS = "";
				SYMROOT = /Users/yanai/Desktop/YanaiLib/xcode;
				USE_HEADERMAP = NO;
				WARNING_CFLAGS = (
					"-Wmost",
					"-Wno-four-char-constants",
					"-Wno-unknown-pragmas",
					"$(inherited)",
				);
			};
			name = Release;
		};
		0580F7BE8FAD4881B4BC0677 /* Release */ = {
			isa = XCBuildConfiguration;
			buildSettings = {
				COMBINE_HIDPI_IMAGES = YES;
				EXECUTABLE_PREFIX = "";
				EXECUTABLE_SUFFIX = "";
				GCC_GENERATE_DEBUGGING_SYMBOLS = NO;
				GCC_INLINES_ARE_PRIVATE_EXTERN = NO;
				GCC_OPTIMIZATION_LEVEL = 3;
				GCC_PREPROCESSOR_DEFINITIONS = "'CMAKE_INTDIR=\"$(CONFIGURATION)$(EFFECTIVE_PLATFORM_NAME)\"'";
				GCC_SYMBOLS_PRIVATE_EXTERN = NO;
				HEADER_SEARCH_PATHS = /Users/yanai/Desktop/YanaiLib/include;
				INSTALL_PATH = "";
				LIBRARY_SEARCH_PATHS = "";
				OTHER_CPLUSPLUSFLAGS = (
					"-DNDEBUG",
					"-std=c++14",
				);
				OTHER_LDFLAGS = (
					"-Wl,-search_paths_first",
					"-Wl,-headerpad_max_install_names",
					"-framework",
					Cocoa,
					"-framework",
					OpenGL,
					"-framework",
					IOKit,
					"-framework",
					CoreVideo,
					/Users/yanai/Desktop/YanaiLib/lib/libglfw3.a,
				);
				OTHER_REZFLAGS = "";
				PRODUCT_NAME = YanaiLib;
				SECTORDER_FLAGS = "";
				SYMROOT = /Users/yanai/Desktop/YanaiLib/xcode/src;
				USE_HEADERMAP = NO;
				WARNING_CFLAGS = (
					"-Wmost",
					"-Wno-four-char-constants",
					"-Wno-unknown-pragmas",
					"$(inherited)",
				);
			};
			name = Release;
		};
		2A38C4F39D624147ACE66ECE /* RelWithDebInfo */ = {
			isa = XCBuildConfiguration;
			buildSettings = {
				COMBINE_HIDPI_IMAGES = YES;
				EXECUTABLE_PREFIX = "";
				EXECUTABLE_SUFFIX = "";
				GCC_GENERATE_DEBUGGING_SYMBOLS = YES;
				GCC_INLINES_ARE_PRIVATE_EXTERN = NO;
				GCC_OPTIMIZATION_LEVEL = 2;
				GCC_PREPROCESSOR_DEFINITIONS = "'CMAKE_INTDIR=\"$(CONFIGURATION)$(EFFECTIVE_PLATFORM_NAME)\"'";
				GCC_SYMBOLS_PRIVATE_EXTERN = NO;
				HEADER_SEARCH_PATHS = /Users/yanai/Desktop/YanaiLib/include;
				INSTALL_PATH = "";
				LIBRARY_SEARCH_PATHS = "";
				OTHER_CPLUSPLUSFLAGS = (
					"-DNDEBUG",
					"-std=c++14",
				);
				OTHER_LDFLAGS = (
					"-Wl,-search_paths_first",
					"-Wl,-headerpad_max_install_names",
					"-framework",
					Cocoa,
					"-framework",
					OpenGL,
					"-framework",
					IOKit,
					"-framework",
					CoreVideo,
					/Users/yanai/Desktop/YanaiLib/lib/libglfw3.a,
				);
				OTHER_REZFLAGS = "";
				PRODUCT_NAME = YanaiLib;
				SECTORDER_FLAGS = "";
				SYMROOT = /Users/yanai/Desktop/YanaiLib/xcode/src;
				USE_HEADERMAP = NO;
				WARNING_CFLAGS = (
					"-Wmost",
					"-Wno-four-char-constants",
					"-Wno-unknown-pragmas",
					"$(inherited)",
				);
			};
			name = RelWithDebInfo;
		};
		32F4E48C2FFD4D6DA7EF1E93 /* MinSizeRel */ = {
			isa = XCBuildConfiguration;
			buildSettings = {
				COMBINE_HIDPI_IMAGES = YES;
				EXECUTABLE_PREFIX = "";
				EXECUTABLE_SUFFIX = "";
				GCC_GENERATE_DEBUGGING_SYMBOLS = NO;
				GCC_INLINES_ARE_PRIVATE_EXTERN = NO;
				GCC_OPTIMIZATION_LEVEL = s;
				GCC_PREPROCESSOR_DEFINITIONS = "'CMAKE_INTDIR=\"$(CONFIGURATION)$(EFFECTIVE_PLATFORM_NAME)\"'";
				GCC_SYMBOLS_PRIVATE_EXTERN = NO;
				HEADER_SEARCH_PATHS = /Users/yanai/Desktop/YanaiLib/include;
				INSTALL_PATH = "";
				LIBRARY_SEARCH_PATHS = "";
				OTHER_CPLUSPLUSFLAGS = (
					"-DNDEBUG",
					"-std=c++14",
				);
				OTHER_LDFLAGS = (
					"-Wl,-search_paths_first",
					"-Wl,-headerpad_max_install_names",
					"-framework",
					Cocoa,
					"-framework",
					OpenGL,
					"-framework",
					IOKit,
					"-framework",
					CoreVideo,
					/Users/yanai/Desktop/YanaiLib/lib/libglfw3.a,
				);
				OTHER_REZFLAGS = "";
				PRODUCT_NAME = YanaiLib;
				SECTORDER_FLAGS = "";
				SYMROOT = /Users/yanai/Desktop/YanaiLib/xcode/src;
				USE_HEADERMAP = NO;
				WARNING_CFLAGS = (
					"-Wmost",
					"-Wno-four-char-constants",
					"-Wno-unknown-pragmas",
					"$(inherited)",
				);
			};
			name = MinSizeRel;
		};
		4F0AEBE0697C4BE3963F0B84 /* Debug */ = {
			isa = XCBuildConfiguration;
			buildSettings = {
				COMBINE_HIDPI_IMAGES = YES;
				GCC_GENERATE_DEBUGGING_SYMBOLS = YES;
				GCC_INLINES_ARE_PRIVATE_EXTERN = NO;
				GCC_OPTIMIZATION_LEVEL = 0;
				GCC_PREPROCESSOR_DEFINITIONS = "'CMAKE_INTDIR=\"$(CONFIGURATION)$(EFFECTIVE_PLATFORM_NAME)\"'";
				GCC_SYMBOLS_PRIVATE_EXTERN = NO;
				INSTALL_PATH = "";
				OTHER_LDFLAGS = " ";
				OTHER_REZFLAGS = "";
				PRODUCT_NAME = ALL_BUILD;
				SECTORDER_FLAGS = "";
				SYMROOT = /Users/yanai/Desktop/YanaiLib/xcode;
				USE_HEADERMAP = NO;
				WARNING_CFLAGS = (
					"-Wmost",
					"-Wno-four-char-constants",
					"-Wno-unknown-pragmas",
					"$(inherited)",
				);
			};
			name = Debug;
		};
		8245C3EE7F28454CBC4A9BCF /* Debug */ = {
			isa = XCBuildConfiguration;
			buildSettings = {
				ONLY_ACTIVE_ARCH = YES;
				SDKROOT = /Applications/Xcode.app/Contents/Developer/Platforms/MacOSX.platform/Developer/SDKs/MacOSX10.11.sdk;
				SYMROOT = /Users/yanai/Desktop/YanaiLib/xcode/build;
			};
			name = Debug;
		};
		890E7138202A4624B37387A7 /* MinSizeRel */ = {
			isa = XCBuildConfiguration;
			buildSettings = {
				COMBINE_HIDPI_IMAGES = YES;
				GCC_GENERATE_DEBUGGING_SYMBOLS = YES;
				GCC_INLINES_ARE_PRIVATE_EXTERN = NO;
				GCC_OPTIMIZATION_LEVEL = 0;
				GCC_PREPROCESSOR_DEFINITIONS = "'CMAKE_INTDIR=\"$(CONFIGURATION)$(EFFECTIVE_PLATFORM_NAME)\"'";
				GCC_SYMBOLS_PRIVATE_EXTERN = NO;
				INSTALL_PATH = "";
				OTHER_LDFLAGS = " ";
				OTHER_REZFLAGS = "";
				PRODUCT_NAME = ALL_BUILD;
				SECTORDER_FLAGS = "";
				SYMROOT = /Users/yanai/Desktop/YanaiLib/xcode;
				USE_HEADERMAP = NO;
				WARNING_CFLAGS = (
					"-Wmost",
					"-Wno-four-char-constants",
					"-Wno-unknown-pragmas",
					"$(inherited)",
				);
			};
			name = MinSizeRel;
		};
		940F96F3B68042018F08FBC3 /* Debug */ = {
			isa = XCBuildConfiguration;
			buildSettings = {
				COMBINE_HIDPI_IMAGES = YES;
				GCC_GENERATE_DEBUGGING_SYMBOLS = YES;
				GCC_INLINES_ARE_PRIVATE_EXTERN = NO;
				GCC_OPTIMIZATION_LEVEL = 0;
				GCC_PREPROCESSOR_DEFINITIONS = "'CMAKE_INTDIR=\"$(CONFIGURATION)$(EFFECTIVE_PLATFORM_NAME)\"'";
				GCC_SYMBOLS_PRIVATE_EXTERN = NO;
				INSTALL_PATH = "";
				OTHER_LDFLAGS = " ";
				OTHER_REZFLAGS = "";
				PRODUCT_NAME = ZERO_CHECK;
				SECTORDER_FLAGS = "";
				SYMROOT = /Users/yanai/Desktop/YanaiLib/xcode;
				USE_HEADERMAP = NO;
				WARNING_CFLAGS = (
					"-Wmost",
					"-Wno-four-char-constants",
					"-Wno-unknown-pragmas",
					"$(inherited)",
				);
			};
			name = Debug;
		};
		988225FBEB59402FBAB57401 /* Release */ = {
			isa = XCBuildConfiguration;
			buildSettings = {
				COMBINE_HIDPI_IMAGES = YES;
				GCC_GENERATE_DEBUGGING_SYMBOLS = YES;
				GCC_INLINES_ARE_PRIVATE_EXTERN = NO;
				GCC_OPTIMIZATION_LEVEL = 0;
				GCC_PREPROCESSOR_DEFINITIONS = "'CMAKE_INTDIR=\"$(CONFIGURATION)$(EFFECTIVE_PLATFORM_NAME)\"'";
				GCC_SYMBOLS_PRIVATE_EXTERN = NO;
				INSTALL_PATH = "";
				OTHER_LDFLAGS = " ";
				OTHER_REZFLAGS = "";
				PRODUCT_NAME = ZERO_CHECK;
				SECTORDER_FLAGS = "";
				SYMROOT = /Users/yanai/Desktop/YanaiLib/xcode;
				USE_HEADERMAP = NO;
				WARNING_CFLAGS = (
					"-Wmost",
					"-Wno-four-char-constants",
					"-Wno-unknown-pragmas",
					"$(inherited)",
				);
			};
			name = Release;
		};
		9CD43F3660BF4729AD8566B1 /* MinSizeRel */ = {
			isa = XCBuildConfiguration;
			buildSettings = {
				COMBINE_HIDPI_IMAGES = YES;
				GCC_GENERATE_DEBUGGING_SYMBOLS = YES;
				GCC_INLINES_ARE_PRIVATE_EXTERN = NO;
				GCC_OPTIMIZATION_LEVEL = 0;
				GCC_PREPROCESSOR_DEFINITIONS = "'CMAKE_INTDIR=\"$(CONFIGURATION)$(EFFECTIVE_PLATFORM_NAME)\"'";
				GCC_SYMBOLS_PRIVATE_EXTERN = NO;
				INSTALL_PATH = "";
				OTHER_LDFLAGS = " ";
				OTHER_REZFLAGS = "";
				PRODUCT_NAME = ZERO_CHECK;
				SECTORDER_FLAGS = "";
				SYMROOT = /Users/yanai/Desktop/YanaiLib/xcode;
				USE_HEADERMAP = NO;
				WARNING_CFLAGS = (
					"-Wmost",
					"-Wno-four-char-constants",
					"-Wno-unknown-pragmas",
					"$(inherited)",
				);
			};
			name = MinSizeRel;
		};
		A0992C4F027745B88D1BD1C4 /* RelWithDebInfo */ = {
			isa = XCBuildConfiguration;
			buildSettings = {
				ONLY_ACTIVE_ARCH = YES;
				SDKROOT = /Applications/Xcode.app/Contents/Developer/Platforms/MacOSX.platform/Developer/SDKs/MacOSX10.11.sdk;
				SYMROOT = /Users/yanai/Desktop/YanaiLib/xcode/build;
			};
			name = RelWithDebInfo;
		};
		B6D9D332949645D0B2106BD7 /* Debug */ = {
			isa = XCBuildConfiguration;
			buildSettings = {
				COMBINE_HIDPI_IMAGES = YES;
				EXECUTABLE_PREFIX = "";
				EXECUTABLE_SUFFIX = "";
				GCC_GENERATE_DEBUGGING_SYMBOLS = YES;
				GCC_INLINES_ARE_PRIVATE_EXTERN = NO;
				GCC_OPTIMIZATION_LEVEL = 0;
				GCC_PREPROCESSOR_DEFINITIONS = "'CMAKE_INTDIR=\"$(CONFIGURATION)$(EFFECTIVE_PLATFORM_NAME)\"'";
				GCC_SYMBOLS_PRIVATE_EXTERN = NO;
				HEADER_SEARCH_PATHS = /Users/yanai/Desktop/YanaiLib/include;
				INSTALL_PATH = "";
				LIBRARY_SEARCH_PATHS = "";
				OTHER_CPLUSPLUSFLAGS = "     -std=c++14";
				OTHER_LDFLAGS = (
					"-Wl,-search_paths_first",
					"-Wl,-headerpad_max_install_names",
					"-framework",
					Cocoa,
					"-framework",
					OpenGL,
					"-framework",
					IOKit,
					"-framework",
					CoreVideo,
					/Users/yanai/Desktop/YanaiLib/lib/libglfw3.a,
				);
				OTHER_REZFLAGS = "";
				PRODUCT_NAME = YanaiLib;
				SECTORDER_FLAGS = "";
				SYMROOT = /Users/yanai/Desktop/YanaiLib/xcode/src;
				USE_HEADERMAP = NO;
				WARNING_CFLAGS = (
					"-Wmost",
					"-Wno-four-char-constants",
					"-Wno-unknown-pragmas",
					"$(inherited)",
				);
			};
			name = Debug;
		};
		C143CF5E3DC64D7EB86B187E /* RelWithDebInfo */ = {
			isa = XCBuildConfiguration;
			buildSettings = {
				COMBINE_HIDPI_IMAGES = YES;
				GCC_GENERATE_DEBUGGING_SYMBOLS = YES;
				GCC_INLINES_ARE_PRIVATE_EXTERN = NO;
				GCC_OPTIMIZATION_LEVEL = 0;
				GCC_PREPROCESSOR_DEFINITIONS = "'CMAKE_INTDIR=\"$(CONFIGURATION)$(EFFECTIVE_PLATFORM_NAME)\"'";
				GCC_SYMBOLS_PRIVATE_EXTERN = NO;
				INSTALL_PATH = "";
				OTHER_LDFLAGS = " ";
				OTHER_REZFLAGS = "";
				PRODUCT_NAME = ALL_BUILD;
				SECTORDER_FLAGS = "";
				SYMROOT = /Users/yanai/Desktop/YanaiLib/xcode;
				USE_HEADERMAP = NO;
				WARNING_CFLAGS = (
					"-Wmost",
					"-Wno-four-char-constants",
					"-Wno-unknown-pragmas",
					"$(inherited)",
				);
			};
			name = RelWithDebInfo;
		};
		D3D3ECE334284F4986458BAE /* Release */ = {
			isa = XCBuildConfiguration;
			buildSettings = {
				ONLY_ACTIVE_ARCH = YES;
				SDKROOT = /Applications/Xcode.app/Contents/Developer/Platforms/MacOSX.platform/Developer/SDKs/MacOSX10.11.sdk;
				SYMROOT = /Users/yanai/Desktop/YanaiLib/xcode/build;
			};
			name = Release;
		};
		E43C823ACB744CD78DA55F58 /* RelWithDebInfo */ = {
			isa = XCBuildConfiguration;
			buildSettings = {
				COMBINE_HIDPI_IMAGES = YES;
				GCC_GENERATE_DEBUGGING_SYMBOLS = YES;
				GCC_INLINES_ARE_PRIVATE_EXTERN = NO;
				GCC_OPTIMIZATION_LEVEL = 0;
				GCC_PREPROCESSOR_DEFINITIONS = "'CMAKE_INTDIR=\"$(CONFIGURATION)$(EFFECTIVE_PLATFORM_NAME)\"'";
				GCC_SYMBOLS_PRIVATE_EXTERN = NO;
				INSTALL_PATH = "";
				OTHER_LDFLAGS = " ";
				OTHER_REZFLAGS = "";
				PRODUCT_NAME = ZERO_CHECK;
				SECTORDER_FLAGS = "";
				SYMROOT = /Users/yanai/Desktop/YanaiLib/xcode;
				USE_HEADERMAP = NO;
				WARNING_CFLAGS = (
					"-Wmost",
					"-Wno-four-char-constants",
					"-Wno-unknown-pragmas",
					"$(inherited)",
				);
			};
			name = RelWithDebInfo;
		};
		F170C645D3594882B0E2FB01 /* MinSizeRel */ = {
			isa = XCBuildConfiguration;
			buildSettings = {
				ONLY_ACTIVE_ARCH = YES;
				SDKROOT = /Applications/Xcode.app/Contents/Developer/Platforms/MacOSX.platform/Developer/SDKs/MacOSX10.11.sdk;
				SYMROOT = /Users/yanai/Desktop/YanaiLib/xcode/build;
			};
			name = MinSizeRel;
		};
/* End XCBuildConfiguration section */

/* Begin XCConfigurationList section */
		234E70398C43476CA19199E7 /* Build configuration list for PBXNativeTarget "YanaiLib" */ = {
			isa = XCConfigurationList;
			buildConfigurations = (
				B6D9D332949645D0B2106BD7 /* Debug */,
				0580F7BE8FAD4881B4BC0677 /* Release */,
				32F4E48C2FFD4D6DA7EF1E93 /* MinSizeRel */,
				2A38C4F39D624147ACE66ECE /* RelWithDebInfo */,
			);
			defaultConfigurationIsVisible = 0;
			defaultConfigurationName = Debug;
		};
		35C35E4F61A34DB9AC28931B /* Build configuration list for PBXAggregateTarget "ZERO_CHECK" */ = {
			isa = XCConfigurationList;
			buildConfigurations = (
				940F96F3B68042018F08FBC3 /* Debug */,
				988225FBEB59402FBAB57401 /* Release */,
				9CD43F3660BF4729AD8566B1 /* MinSizeRel */,
				E43C823ACB744CD78DA55F58 /* RelWithDebInfo */,
			);
			defaultConfigurationIsVisible = 0;
			defaultConfigurationName = Debug;
		};
		4F08FCB3E16E4D6CB6BB58C1 /* Build configuration list for PBXAggregateTarget "ALL_BUILD" */ = {
			isa = XCConfigurationList;
			buildConfigurations = (
				4F0AEBE0697C4BE3963F0B84 /* Debug */,
				01538CA70B0D4BA79C8269EF /* Release */,
				890E7138202A4624B37387A7 /* MinSizeRel */,
				C143CF5E3DC64D7EB86B187E /* RelWithDebInfo */,
			);
			defaultConfigurationIsVisible = 0;
			defaultConfigurationName = Debug;
		};
		86BBD981D6FD45289BAA4A02 /* Build configuration list for PBXProject "YanaiLib" */ = {
			isa = XCConfigurationList;
			buildConfigurations = (
				8245C3EE7F28454CBC4A9BCF /* Debug */,
				D3D3ECE334284F4986458BAE /* Release */,
				F170C645D3594882B0E2FB01 /* MinSizeRel */,
				A0992C4F027745B88D1BD1C4 /* RelWithDebInfo */,
			);
			defaultConfigurationIsVisible = 0;
			defaultConfigurationName = Debug;
		};
/* End XCConfigurationList section */
	};
	rootObject = 6700EDD4D6F848E3B3E2F729 /* Project object */;
}
