// !$*UTF8*$!
{
	archiveVersion = 1;
	classes = {
	};
	objectVersion = 46;
	objects = {

/* Begin PBXAggregateTarget section */
		202E1E81429F49E0814BAC8D /* ZERO_CHECK */ = {
			isa = PBXAggregateTarget;
			buildConfigurationList = 590BD55E18B045FD9CFDA8FA /* Build configuration list for PBXAggregateTarget "ZERO_CHECK" */;
			buildPhases = (
				F33EB15EDA564763BB5EFE45 /* CMake Rules */,
			);
			dependencies = (
			);
			name = ZERO_CHECK;
			productName = ZERO_CHECK;
		};
		D463572CD3E240DEA23C278F /* ALL_BUILD */ = {
			isa = PBXAggregateTarget;
			buildConfigurationList = 2AFBB3A693ED480EA42E9896 /* Build configuration list for PBXAggregateTarget "ALL_BUILD" */;
			buildPhases = (
				6C403203475644AD8343E65D /* CMake Rules */,
			);
			dependencies = (
				AF704E857B5A4952824CFC4A /* PBXTargetDependency */,
				4CEF6AE8993243CD83B4F431 /* PBXTargetDependency */,
			);
			name = ALL_BUILD;
			productName = ALL_BUILD;
		};
/* End PBXAggregateTarget section */

/* Begin PBXBuildFile section */
		ACF08C9E1D126FD300AF673E /* app.cpp in Sources */ = {isa = PBXBuildFile; fileRef = ACF08C941D126FD300AF673E /* app.cpp */; };
		ACF08C9F1D126FD300AF673E /* font.cpp in Sources */ = {isa = PBXBuildFile; fileRef = ACF08C971D126FD300AF673E /* font.cpp */; };
		ACF08CA01D126FD300AF673E /* graphic.cpp in Sources */ = {isa = PBXBuildFile; fileRef = ACF08C991D126FD300AF673E /* graphic.cpp */; };
		ACF08CA31D168E7100AF673E /* random.cpp in Sources */ = {isa = PBXBuildFile; fileRef = ACF08CA11D168E7100AF673E /* random.cpp */; };
		C2FCF0C94CD74EFB82081E01 /* main.cpp in Sources */ = {isa = PBXBuildFile; fileRef = 798DC8EBBBE249FE863B36B3 /* main.cpp */; settings = {COMPILER_FLAGS = ""; }; };
/* End PBXBuildFile section */

/* Begin PBXContainerItemProxy section */
		2A22F9C1196B4131B2263A18 /* PBXContainerItemProxy */ = {
			isa = PBXContainerItemProxy;
			containerPortal = 6700EDD4D6F848E3B3E2F729 /* Project object */;
			proxyType = 1;
			remoteGlobalIDString = 5C3F6950B3D143A1AFE8BA3B;
			remoteInfo = YanaiLib;
		};
		5FF8ADAAF1AA413781CF767F /* PBXContainerItemProxy */ = {
			isa = PBXContainerItemProxy;
			containerPortal = 6700EDD4D6F848E3B3E2F729 /* Project object */;
			proxyType = 1;
			remoteGlobalIDString = 202E1E81429F49E0814BAC8D;
			remoteInfo = ZERO_CHECK;
		};
		B44D28AD697D48E1A28D88E7 /* PBXContainerItemProxy */ = {
			isa = PBXContainerItemProxy;
			containerPortal = 6700EDD4D6F848E3B3E2F729 /* Project object */;
			proxyType = 1;
			remoteGlobalIDString = 202E1E81429F49E0814BAC8D;
			remoteInfo = ZERO_CHECK;
		};
/* End PBXContainerItemProxy section */

/* Begin PBXFileReference section */
		1205B28850334CAB924364D7 /* CMakeLists.txt */ = {isa = PBXFileReference; explicitFileType = sourcecode.text; fileEncoding = 4; lastKnownFileType = text; name = CMakeLists.txt; path = src/CMakeLists.txt; sourceTree = SOURCE_ROOT; };
		3426056C17C74B1CA7D23D07 /* YanaiLib */ = {isa = PBXFileReference; explicitFileType = "compiled.mach-o.executable"; path = YanaiLib; sourceTree = BUILT_PRODUCTS_DIR; };
		798DC8EBBBE249FE863B36B3 /* main.cpp */ = {isa = PBXFileReference; explicitFileType = sourcecode.cpp.cpp; fileEncoding = 4; name = main.cpp; path = src/main.cpp; sourceTree = SOURCE_ROOT; };
		98D11D2808F54DCFB4E9B94E /* CMakeLists.txt */ = {isa = PBXFileReference; explicitFileType = sourcecode.text; fileEncoding = 4; lastKnownFileType = text; path = CMakeLists.txt; sourceTree = SOURCE_ROOT; };
		ACF08C941D126FD300AF673E /* app.cpp */ = {isa = PBXFileReference; fileEncoding = 4; lastKnownFileType = sourcecode.cpp.cpp; path = app.cpp; sourceTree = "<group>"; };
		ACF08C951D126FD300AF673E /* app.hpp */ = {isa = PBXFileReference; fileEncoding = 4; lastKnownFileType = sourcecode.cpp.h; path = app.hpp; sourceTree = "<group>"; };
		ACF08C961D126FD300AF673E /* color.hpp */ = {isa = PBXFileReference; fileEncoding = 4; lastKnownFileType = sourcecode.cpp.h; path = color.hpp; sourceTree = "<group>"; };
		ACF08C971D126FD300AF673E /* font.cpp */ = {isa = PBXFileReference; fileEncoding = 4; lastKnownFileType = sourcecode.cpp.cpp; path = font.cpp; sourceTree = "<group>"; };
		ACF08C981D126FD300AF673E /* font.hpp */ = {isa = PBXFileReference; fileEncoding = 4; lastKnownFileType = sourcecode.cpp.h; path = font.hpp; sourceTree = "<group>"; };
		ACF08C991D126FD300AF673E /* graphic.cpp */ = {isa = PBXFileReference; fileEncoding = 4; lastKnownFileType = sourcecode.cpp.cpp; path = graphic.cpp; sourceTree = "<group>"; };
		ACF08C9A1D126FD300AF673E /* graphic.hpp */ = {isa = PBXFileReference; fileEncoding = 4; lastKnownFileType = sourcecode.cpp.h; path = graphic.hpp; sourceTree = "<group>"; };
		ACF08C9B1D126FD300AF673E /* key.hpp */ = {isa = PBXFileReference; fileEncoding = 4; lastKnownFileType = sourcecode.cpp.h; path = key.hpp; sourceTree = "<group>"; };
		ACF08C9C1D126FD300AF673E /* mouse.hpp */ = {isa = PBXFileReference; fileEncoding = 4; lastKnownFileType = sourcecode.cpp.h; path = mouse.hpp; sourceTree = "<group>"; };
		ACF08C9D1D126FD300AF673E /* vector.hpp */ = {isa = PBXFileReference; fileEncoding = 4; lastKnownFileType = sourcecode.cpp.h; path = vector.hpp; sourceTree = "<group>"; };
		ACF08CA11D168E7100AF673E /* random.cpp */ = {isa = PBXFileReference; fileEncoding = 4; lastKnownFileType = sourcecode.cpp.cpp; path = random.cpp; sourceTree = "<group>"; };
		ACF08CA21D168E7100AF673E /* random.hpp */ = {isa = PBXFileReference; fileEncoding = 4; lastKnownFileType = sourcecode.cpp.h; path = random.hpp; sourceTree = "<group>"; };
		C50E193DFF9E4DB0893FFF66 /* CMakeLists.txt */ = {isa = PBXFileReference; explicitFileType = sourcecode.text; fileEncoding = 4; lastKnownFileType = text; path = CMakeLists.txt; sourceTree = SOURCE_ROOT; };
/* End PBXFileReference section */

/* Begin PBXGroup section */
		1C13689768414331AFBE3F2B /* Products */ = {
			isa = PBXGroup;
			children = (
				3426056C17C74B1CA7D23D07 /* YanaiLib */,
			);
			name = Products;
			sourceTree = "<group>";
		};
		1EB1F736AB204A5480AB37D0 = {
			isa = PBXGroup;
			children = (
				7EBF87BB218E4D0CA829CC84 /* Sources */,
				77EB6672C7AA40DDBCFC970B /* Resources */,
				1C13689768414331AFBE3F2B /* Products */,
			);
			sourceTree = "<group>";
		};
		38831C2318FE4477BFD2700C /* CMake Rules */ = {
			isa = PBXGroup;
			children = (
			);
			name = "CMake Rules";
			sourceTree = "<group>";
		};
		4CC3BD830EC8430EABAD60C5 /* Source Files */ = {
			isa = PBXGroup;
			children = (
				ACF08C931D126FD300AF673E /* lib */,
				798DC8EBBBE249FE863B36B3 /* main.cpp */,
			);
			name = "Source Files";
			sourceTree = "<group>";
		};
		77EB6672C7AA40DDBCFC970B /* Resources */ = {
			isa = PBXGroup;
			children = (
			);
			name = Resources;
			sourceTree = "<group>";
		};
		7EBF87BB218E4D0CA829CC84 /* Sources */ = {
			isa = PBXGroup;
			children = (
				F8CF9669D2C541F5B8218C1A /* ALL_BUILD */,
				DD437378BBE14B63A8EA9D97 /* ZERO_CHECK */,
				9C869EF0BF1C451F82B2CB32 /* YanaiLib */,
			);
			name = Sources;
			sourceTree = "<group>";
		};
		9AE05832665B486FAFDDEB8B /* CMake Rules */ = {
			isa = PBXGroup;
			children = (
			);
			name = "CMake Rules";
			sourceTree = "<group>";
		};
		9C869EF0BF1C451F82B2CB32 /* YanaiLib */ = {
			isa = PBXGroup;
			children = (
				4CC3BD830EC8430EABAD60C5 /* Source Files */,
				1205B28850334CAB924364D7 /* CMakeLists.txt */,
			);
			name = YanaiLib;
			sourceTree = "<group>";
		};
		ACF08C931D126FD300AF673E /* lib */ = {
			isa = PBXGroup;
			children = (
				ACF08C941D126FD300AF673E /* app.cpp */,
				ACF08C951D126FD300AF673E /* app.hpp */,
				ACF08C961D126FD300AF673E /* color.hpp */,
				ACF08C971D126FD300AF673E /* font.cpp */,
				ACF08C981D126FD300AF673E /* font.hpp */,
				ACF08C991D126FD300AF673E /* graphic.cpp */,
				ACF08C9A1D126FD300AF673E /* graphic.hpp */,
				ACF08C9B1D126FD300AF673E /* key.hpp */,
				ACF08C9C1D126FD300AF673E /* mouse.hpp */,
				ACF08CA11D168E7100AF673E /* random.cpp */,
				ACF08CA21D168E7100AF673E /* random.hpp */,
				ACF08C9D1D126FD300AF673E /* vector.hpp */,
			);
			name = lib;
			path = src/lib;
			sourceTree = "<group>";
		};
		DD437378BBE14B63A8EA9D97 /* ZERO_CHECK */ = {
			isa = PBXGroup;
			children = (
				9AE05832665B486FAFDDEB8B /* CMake Rules */,
				98D11D2808F54DCFB4E9B94E /* CMakeLists.txt */,
			);
			name = ZERO_CHECK;
			sourceTree = "<group>";
		};
		F8CF9669D2C541F5B8218C1A /* ALL_BUILD */ = {
			isa = PBXGroup;
			children = (
				38831C2318FE4477BFD2700C /* CMake Rules */,
				C50E193DFF9E4DB0893FFF66 /* CMakeLists.txt */,
			);
			name = ALL_BUILD;
			sourceTree = "<group>";
		};
/* End PBXGroup section */

/* Begin PBXNativeTarget section */
		5C3F6950B3D143A1AFE8BA3B /* YanaiLib */ = {
			isa = PBXNativeTarget;
			buildConfigurationList = 0A47F9C21B6B4A9B8796EFA2 /* Build configuration list for PBXNativeTarget "YanaiLib" */;
			buildPhases = (
				BEE385FAD25D4298B6864C91 /* Sources */,
			);
			buildRules = (
			);
			dependencies = (
				5189B26D359141DB9D9A9EBA /* PBXTargetDependency */,
			);
			name = YanaiLib;
			productName = YanaiLib;
			productReference = 3426056C17C74B1CA7D23D07 /* YanaiLib */;
			productType = "com.apple.product-type.tool";
		};
/* End PBXNativeTarget section */

/* Begin PBXProject section */
		6700EDD4D6F848E3B3E2F729 /* Project object */ = {
			isa = PBXProject;
			attributes = {
				BuildIndependentTargetsInParallel = YES;
				LastUpgradeCheck = 0730;
			};
			buildConfigurationList = CF754B23B3BD42F5AB5EFDB6 /* Build configuration list for PBXProject "YanaiLib" */;
			compatibilityVersion = "Xcode 3.2";
			developmentRegion = English;
			hasScannedForEncodings = 0;
			knownRegions = (
				en,
			);
			mainGroup = 1EB1F736AB204A5480AB37D0;
			projectDirPath = ../;
			projectRoot = "";
			targets = (
				D463572CD3E240DEA23C278F /* ALL_BUILD */,
				202E1E81429F49E0814BAC8D /* ZERO_CHECK */,
				5C3F6950B3D143A1AFE8BA3B /* YanaiLib */,
			);
		};
/* End PBXProject section */

/* Begin PBXShellScriptBuildPhase section */
		6C403203475644AD8343E65D /* CMake Rules */ = {
			isa = PBXShellScriptBuildPhase;
			buildActionMask = 2147483647;
			files = (
			);
			name = "CMake Rules";
			runOnlyForDeploymentPostprocessing = 0;
			shellPath = /bin/sh;
			shellScript = "make -C /Users/yanai/Desktop/YanaiLib/xcode -f /Users/yanai/Desktop/YanaiLib/xcode/CMakeScripts/ALL_BUILD_cmakeRulesBuildPhase.make$CONFIGURATION all";
			showEnvVarsInLog = 0;
		};
		F33EB15EDA564763BB5EFE45 /* CMake Rules */ = {
			isa = PBXShellScriptBuildPhase;
			buildActionMask = 2147483647;
			files = (
			);
			name = "CMake Rules";
			runOnlyForDeploymentPostprocessing = 0;
			shellPath = /bin/sh;
			shellScript = "make -C /Users/yanai/Desktop/YanaiLib/xcode -f /Users/yanai/Desktop/YanaiLib/xcode/CMakeScripts/ZERO_CHECK_cmakeRulesBuildPhase.make$CONFIGURATION all";
			showEnvVarsInLog = 0;
		};
/* End PBXShellScriptBuildPhase section */

/* Begin PBXSourcesBuildPhase section */
		BEE385FAD25D4298B6864C91 /* Sources */ = {
			isa = PBXSourcesBuildPhase;
			buildActionMask = 2147483647;
			files = (
				C2FCF0C94CD74EFB82081E01 /* main.cpp in Sources */,
				ACF08C9E1D126FD300AF673E /* app.cpp in Sources */,
				ACF08CA01D126FD300AF673E /* graphic.cpp in Sources */,
				ACF08C9F1D126FD300AF673E /* font.cpp in Sources */,
				ACF08CA31D168E7100AF673E /* random.cpp in Sources */,
			);
			runOnlyForDeploymentPostprocessing = 0;
		};
/* End PBXSourcesBuildPhase section */

/* Begin PBXTargetDependency section */
		4CEF6AE8993243CD83B4F431 /* PBXTargetDependency */ = {
			isa = PBXTargetDependency;
			target = 202E1E81429F49E0814BAC8D /* ZERO_CHECK */;
			targetProxy = B44D28AD697D48E1A28D88E7 /* PBXContainerItemProxy */;
		};
		5189B26D359141DB9D9A9EBA /* PBXTargetDependency */ = {
			isa = PBXTargetDependency;
			target = 202E1E81429F49E0814BAC8D /* ZERO_CHECK */;
			targetProxy = 5FF8ADAAF1AA413781CF767F /* PBXContainerItemProxy */;
		};
		AF704E857B5A4952824CFC4A /* PBXTargetDependency */ = {
			isa = PBXTargetDependency;
			target = 5C3F6950B3D143A1AFE8BA3B /* YanaiLib */;
			targetProxy = 2A22F9C1196B4131B2263A18 /* PBXContainerItemProxy */;
		};
/* End PBXTargetDependency section */

/* Begin XCBuildConfiguration section */
		0E764BCD818749D3A985D609 /* RelWithDebInfo */ = {
			isa = XCBuildConfiguration;
			buildSettings = {
				COMBINE_HIDPI_IMAGES = YES;
				GCC_GENERATE_DEBUGGING_SYMBOLS = YES;
				GCC_INLINES_ARE_PRIVATE_EXTERN = NO;
				GCC_OPTIMIZATION_LEVEL = 0;
				GCC_PREPROCESSOR_DEFINITIONS = "'CMAKE_INTDIR=\"$(CONFIGURATION)$(EFFECTIVE_PLATFORM_NAME)\"'";
				GCC_SYMBOLS_PRIVATE_EXTERN = NO;
				INSTALL_PATH = "";
				OTHER_LDFLAGS = " ";
				OTHER_REZFLAGS = "";
				PRODUCT_NAME = ZERO_CHECK;
				SECTORDER_FLAGS = "";
				SYMROOT = /Users/yanai/Desktop/YanaiLib/xcode;
				USE_HEADERMAP = NO;
				WARNING_CFLAGS = (
					"-Wmost",
					"-Wno-four-char-constants",
					"-Wno-unknown-pragmas",
					"$(inherited)",
				);
			};
			name = RelWithDebInfo;
		};
		1847DDE25761408986404354 /* MinSizeRel */ = {
			isa = XCBuildConfiguration;
			buildSettings = {
				ONLY_ACTIVE_ARCH = YES;
				SDKROOT = /Applications/Xcode.app/Contents/Developer/Platforms/MacOSX.platform/Developer/SDKs/MacOSX10.11.sdk;
				SYMROOT = /Users/yanai/Desktop/YanaiLib/xcode/build;
			};
			name = MinSizeRel;
		};
		345A1A79E2B7480591687004 /* Debug */ = {
			isa = XCBuildConfiguration;
			buildSettings = {
				ONLY_ACTIVE_ARCH = YES;
				SDKROOT = /Applications/Xcode.app/Contents/Developer/Platforms/MacOSX.platform/Developer/SDKs/MacOSX10.11.sdk;
				SYMROOT = /Users/yanai/Desktop/YanaiLib/xcode/build;
			};
			name = Debug;
		};
		3DEDFF4EBA3A4C56A67AC08B /* RelWithDebInfo */ = {
			isa = XCBuildConfiguration;
			buildSettings = {
				ONLY_ACTIVE_ARCH = YES;
				SDKROOT = /Applications/Xcode.app/Contents/Developer/Platforms/MacOSX.platform/Developer/SDKs/MacOSX10.11.sdk;
				SYMROOT = /Users/yanai/Desktop/YanaiLib/xcode/build;
			};
			name = RelWithDebInfo;
		};
		44F728306DEA4C039B779BB8 /* Release */ = {
			isa = XCBuildConfiguration;
			buildSettings = {
				ONLY_ACTIVE_ARCH = YES;
				SDKROOT = /Applications/Xcode.app/Contents/Developer/Platforms/MacOSX.platform/Developer/SDKs/MacOSX10.11.sdk;
				SYMROOT = /Users/yanai/Desktop/YanaiLib/xcode/build;
			};
			name = Release;
		};
		66454171414140519A4D730A /* Debug */ = {
			isa = XCBuildConfiguration;
			buildSettings = {
				COMBINE_HIDPI_IMAGES = YES;
				EXECUTABLE_PREFIX = "";
				EXECUTABLE_SUFFIX = "";
				GCC_GENERATE_DEBUGGING_SYMBOLS = YES;
				GCC_INLINES_ARE_PRIVATE_EXTERN = NO;
				GCC_OPTIMIZATION_LEVEL = 0;
				GCC_PREPROCESSOR_DEFINITIONS = "'CMAKE_INTDIR=\"$(CONFIGURATION)$(EFFECTIVE_PLATFORM_NAME)\"'";
				GCC_SYMBOLS_PRIVATE_EXTERN = NO;
				HEADER_SEARCH_PATHS = /Users/yanai/Desktop/YanaiLib/include;
				INSTALL_PATH = "";
				LIBRARY_SEARCH_PATHS = "";
				OTHER_CPLUSPLUSFLAGS = "     -std=c++14";
				OTHER_LDFLAGS = (
					"-Wl,-search_paths_first",
					"-Wl,-headerpad_max_install_names",
					"-framework",
					Cocoa,
					"-framework",
					OpenGL,
					"-framework",
					IOKit,
					"-framework",
					CoreVideo,
					/Users/yanai/Desktop/YanaiLib/lib/OSX/libglfw3.a,
					/Users/yanai/Desktop/YanaiLib/lib/OSX/libFTGL.a,
					/Users/yanai/Desktop/YanaiLib/lib/OSX/libfreetype.a,
				);
				OTHER_REZFLAGS = "";
				PRODUCT_NAME = YanaiLib;
				SECTORDER_FLAGS = "";
				SYMROOT = /Users/yanai/Desktop/YanaiLib/xcode/src;
				USE_HEADERMAP = NO;
				WARNING_CFLAGS = (
					"-Wmost",
					"-Wno-four-char-constants",
					"-Wno-unknown-pragmas",
					"$(inherited)",
				);
			};
			name = Debug;
		};
		8D4A1151FE644F3D9B9F6F5B /* Debug */ = {
			isa = XCBuildConfiguration;
			buildSettings = {
				COMBINE_HIDPI_IMAGES = YES;
				GCC_GENERATE_DEBUGGING_SYMBOLS = YES;
				GCC_INLINES_ARE_PRIVATE_EXTERN = NO;
				GCC_OPTIMIZATION_LEVEL = 0;
				GCC_PREPROCESSOR_DEFINITIONS = "'CMAKE_INTDIR=\"$(CONFIGURATION)$(EFFECTIVE_PLATFORM_NAME)\"'";
				GCC_SYMBOLS_PRIVATE_EXTERN = NO;
				INSTALL_PATH = "";
				OTHER_LDFLAGS = " ";
				OTHER_REZFLAGS = "";
				PRODUCT_NAME = ZERO_CHECK;
				SECTORDER_FLAGS = "";
				SYMROOT = /Users/yanai/Desktop/YanaiLib/xcode;
				USE_HEADERMAP = NO;
				WARNING_CFLAGS = (
					"-Wmost",
					"-Wno-four-char-constants",
					"-Wno-unknown-pragmas",
					"$(inherited)",
				);
			};
			name = Debug;
		};
		97B410B2F0704D79ACE468A0 /* MinSizeRel */ = {
			isa = XCBuildConfiguration;
			buildSettings = {
				COMBINE_HIDPI_IMAGES = YES;
				GCC_GENERATE_DEBUGGING_SYMBOLS = YES;
				GCC_INLINES_ARE_PRIVATE_EXTERN = NO;
				GCC_OPTIMIZATION_LEVEL = 0;
				GCC_PREPROCESSOR_DEFINITIONS = "'CMAKE_INTDIR=\"$(CONFIGURATION)$(EFFECTIVE_PLATFORM_NAME)\"'";
				GCC_SYMBOLS_PRIVATE_EXTERN = NO;
				INSTALL_PATH = "";
				OTHER_LDFLAGS = " ";
				OTHER_REZFLAGS = "";
				PRODUCT_NAME = ALL_BUILD;
				SECTORDER_FLAGS = "";
				SYMROOT = /Users/yanai/Desktop/YanaiLib/xcode;
				USE_HEADERMAP = NO;
				WARNING_CFLAGS = (
					"-Wmost",
					"-Wno-four-char-constants",
					"-Wno-unknown-pragmas",
					"$(inherited)",
				);
			};
			name = MinSizeRel;
		};
		A0CE5B212E2441BD90C1E787 /* Debug */ = {
			isa = XCBuildConfiguration;
			buildSettings = {
				COMBINE_HIDPI_IMAGES = YES;
				GCC_GENERATE_DEBUGGING_SYMBOLS = YES;
				GCC_INLINES_ARE_PRIVATE_EXTERN = NO;
				GCC_OPTIMIZATION_LEVEL = 0;
				GCC_PREPROCESSOR_DEFINITIONS = "'CMAKE_INTDIR=\"$(CONFIGURATION)$(EFFECTIVE_PLATFORM_NAME)\"'";
				GCC_SYMBOLS_PRIVATE_EXTERN = NO;
				INSTALL_PATH = "";
				OTHER_LDFLAGS = " ";
				OTHER_REZFLAGS = "";
				PRODUCT_NAME = ALL_BUILD;
				SECTORDER_FLAGS = "";
				SYMROOT = /Users/yanai/Desktop/YanaiLib/xcode;
				USE_HEADERMAP = NO;
				WARNING_CFLAGS = (
					"-Wmost",
					"-Wno-four-char-constants",
					"-Wno-unknown-pragmas",
					"$(inherited)",
				);
			};
			name = Debug;
		};
		B25C60300FA24B369614D74A /* MinSizeRel */ = {
			isa = XCBuildConfiguration;
			buildSettings = {
				COMBINE_HIDPI_IMAGES = YES;
				EXECUTABLE_PREFIX = "";
				EXECUTABLE_SUFFIX = "";
				GCC_GENERATE_DEBUGGING_SYMBOLS = NO;
				GCC_INLINES_ARE_PRIVATE_EXTERN = NO;
				GCC_OPTIMIZATION_LEVEL = s;
				GCC_PREPROCESSOR_DEFINITIONS = "'CMAKE_INTDIR=\"$(CONFIGURATION)$(EFFECTIVE_PLATFORM_NAME)\"'";
				GCC_SYMBOLS_PRIVATE_EXTERN = NO;
				HEADER_SEARCH_PATHS = /Users/yanai/Desktop/YanaiLib/include;
				INSTALL_PATH = "";
				LIBRARY_SEARCH_PATHS = "";
				OTHER_CPLUSPLUSFLAGS = (
					"-DNDEBUG",
					"-std=c++14",
				);
				OTHER_LDFLAGS = (
					"-Wl,-search_paths_first",
					"-Wl,-headerpad_max_install_names",
					"-framework",
					Cocoa,
					"-framework",
					OpenGL,
					"-framework",
					IOKit,
					"-framework",
					CoreVideo,
					/Users/yanai/Desktop/YanaiLib/lib/OSX/libglfw3.a,
					/Users/yanai/Desktop/YanaiLib/lib/OSX/libFTGL.a,
					/Users/yanai/Desktop/YanaiLib/lib/OSX/libfreetype.a,
				);
				OTHER_REZFLAGS = "";
				PRODUCT_NAME = YanaiLib;
				SECTORDER_FLAGS = "";
				SYMROOT = /Users/yanai/Desktop/YanaiLib/xcode/src;
				USE_HEADERMAP = NO;
				WARNING_CFLAGS = (
					"-Wmost",
					"-Wno-four-char-constants",
					"-Wno-unknown-pragmas",
					"$(inherited)",
				);
			};
			name = MinSizeRel;
		};
		CD3C864C567F4D92A44B3597 /* Release */ = {
			isa = XCBuildConfiguration;
			buildSettings = {
				COMBINE_HIDPI_IMAGES = YES;
				GCC_GENERATE_DEBUGGING_SYMBOLS = YES;
				GCC_INLINES_ARE_PRIVATE_EXTERN = NO;
				GCC_OPTIMIZATION_LEVEL = 0;
				GCC_PREPROCESSOR_DEFINITIONS = "'CMAKE_INTDIR=\"$(CONFIGURATION)$(EFFECTIVE_PLATFORM_NAME)\"'";
				GCC_SYMBOLS_PRIVATE_EXTERN = NO;
				INSTALL_PATH = "";
				OTHER_LDFLAGS = " ";
				OTHER_REZFLAGS = "";
				PRODUCT_NAME = ALL_BUILD;
				SECTORDER_FLAGS = "";
				SYMROOT = /Users/yanai/Desktop/YanaiLib/xcode;
				USE_HEADERMAP = NO;
				WARNING_CFLAGS = (
					"-Wmost",
					"-Wno-four-char-constants",
					"-Wno-unknown-pragmas",
					"$(inherited)",
				);
			};
			name = Release;
		};
		DE2381081CB34ED6AE383750 /* RelWithDebInfo */ = {
			isa = XCBuildConfiguration;
			buildSettings = {
				COMBINE_HIDPI_IMAGES = YES;
				EXECUTABLE_PREFIX = "";
				EXECUTABLE_SUFFIX = "";
				GCC_GENERATE_DEBUGGING_SYMBOLS = YES;
				GCC_INLINES_ARE_PRIVATE_EXTERN = NO;
				GCC_OPTIMIZATION_LEVEL = 2;
				GCC_PREPROCESSOR_DEFINITIONS = "'CMAKE_INTDIR=\"$(CONFIGURATION)$(EFFECTIVE_PLATFORM_NAME)\"'";
				GCC_SYMBOLS_PRIVATE_EXTERN = NO;
				HEADER_SEARCH_PATHS = /Users/yanai/Desktop/YanaiLib/include;
				INSTALL_PATH = "";
				LIBRARY_SEARCH_PATHS = "";
				OTHER_CPLUSPLUSFLAGS = (
					"-DNDEBUG",
					"-std=c++14",
				);
				OTHER_LDFLAGS = (
					"-Wl,-search_paths_first",
					"-Wl,-headerpad_max_install_names",
					"-framework",
					Cocoa,
					"-framework",
					OpenGL,
					"-framework",
					IOKit,
					"-framework",
					CoreVideo,
					/Users/yanai/Desktop/YanaiLib/lib/OSX/libglfw3.a,
					/Users/yanai/Desktop/YanaiLib/lib/OSX/libFTGL.a,
					/Users/yanai/Desktop/YanaiLib/lib/OSX/libfreetype.a,
				);
				OTHER_REZFLAGS = "";
				PRODUCT_NAME = YanaiLib;
				SECTORDER_FLAGS = "";
				SYMROOT = /Users/yanai/Desktop/YanaiLib/xcode/src;
				USE_HEADERMAP = NO;
				WARNING_CFLAGS = (
					"-Wmost",
					"-Wno-four-char-constants",
					"-Wno-unknown-pragmas",
					"$(inherited)",
				);
			};
			name = RelWithDebInfo;
		};
		E486A18F32834322B94D2DCF /* MinSizeRel */ = {
			isa = XCBuildConfiguration;
			buildSettings = {
				COMBINE_HIDPI_IMAGES = YES;
				GCC_GENERATE_DEBUGGING_SYMBOLS = YES;
				GCC_INLINES_ARE_PRIVATE_EXTERN = NO;
				GCC_OPTIMIZATION_LEVEL = 0;
				GCC_PREPROCESSOR_DEFINITIONS = "'CMAKE_INTDIR=\"$(CONFIGURATION)$(EFFECTIVE_PLATFORM_NAME)\"'";
				GCC_SYMBOLS_PRIVATE_EXTERN = NO;
				INSTALL_PATH = "";
				OTHER_LDFLAGS = " ";
				OTHER_REZFLAGS = "";
				PRODUCT_NAME = ZERO_CHECK;
				SECTORDER_FLAGS = "";
				SYMROOT = /Users/yanai/Desktop/YanaiLib/xcode;
				USE_HEADERMAP = NO;
				WARNING_CFLAGS = (
					"-Wmost",
					"-Wno-four-char-constants",
					"-Wno-unknown-pragmas",
					"$(inherited)",
				);
			};
			name = MinSizeRel;
		};
		EF62511C7B964C439AC0F420 /* Release */ = {
			isa = XCBuildConfiguration;
			buildSettings = {
				COMBINE_HIDPI_IMAGES = YES;
				EXECUTABLE_PREFIX = "";
				EXECUTABLE_SUFFIX = "";
				GCC_GENERATE_DEBUGGING_SYMBOLS = NO;
				GCC_INLINES_ARE_PRIVATE_EXTERN = NO;
				GCC_OPTIMIZATION_LEVEL = 3;
				GCC_PREPROCESSOR_DEFINITIONS = "'CMAKE_INTDIR=\"$(CONFIGURATION)$(EFFECTIVE_PLATFORM_NAME)\"'";
				GCC_SYMBOLS_PRIVATE_EXTERN = NO;
				HEADER_SEARCH_PATHS = /Users/yanai/Desktop/YanaiLib/include;
				INSTALL_PATH = "";
				LIBRARY_SEARCH_PATHS = "";
				OTHER_CPLUSPLUSFLAGS = (
					"-DNDEBUG",
					"-std=c++14",
				);
				OTHER_LDFLAGS = (
					"-Wl,-search_paths_first",
					"-Wl,-headerpad_max_install_names",
					"-framework",
					Cocoa,
					"-framework",
					OpenGL,
					"-framework",
					IOKit,
					"-framework",
					CoreVideo,
					/Users/yanai/Desktop/YanaiLib/lib/OSX/libglfw3.a,
					/Users/yanai/Desktop/YanaiLib/lib/OSX/libFTGL.a,
					/Users/yanai/Desktop/YanaiLib/lib/OSX/libfreetype.a,
				);
				OTHER_REZFLAGS = "";
				PRODUCT_NAME = YanaiLib;
				SECTORDER_FLAGS = "";
				SYMROOT = /Users/yanai/Desktop/YanaiLib/xcode/src;
				USE_HEADERMAP = NO;
				WARNING_CFLAGS = (
					"-Wmost",
					"-Wno-four-char-constants",
					"-Wno-unknown-pragmas",
					"$(inherited)",
				);
			};
			name = Release;
		};
		F425768BDA3649FD94760192 /* Release */ = {
			isa = XCBuildConfiguration;
			buildSettings = {
				COMBINE_HIDPI_IMAGES = YES;
				GCC_GENERATE_DEBUGGING_SYMBOLS = YES;
				GCC_INLINES_ARE_PRIVATE_EXTERN = NO;
				GCC_OPTIMIZATION_LEVEL = 0;
				GCC_PREPROCESSOR_DEFINITIONS = "'CMAKE_INTDIR=\"$(CONFIGURATION)$(EFFECTIVE_PLATFORM_NAME)\"'";
				GCC_SYMBOLS_PRIVATE_EXTERN = NO;
				INSTALL_PATH = "";
				OTHER_LDFLAGS = " ";
				OTHER_REZFLAGS = "";
				PRODUCT_NAME = ZERO_CHECK;
				SECTORDER_FLAGS = "";
				SYMROOT = /Users/yanai/Desktop/YanaiLib/xcode;
				USE_HEADERMAP = NO;
				WARNING_CFLAGS = (
					"-Wmost",
					"-Wno-four-char-constants",
					"-Wno-unknown-pragmas",
					"$(inherited)",
				);
			};
			name = Release;
		};
		F6224179822248128CA954A7 /* RelWithDebInfo */ = {
			isa = XCBuildConfiguration;
			buildSettings = {
				COMBINE_HIDPI_IMAGES = YES;
				GCC_GENERATE_DEBUGGING_SYMBOLS = YES;
				GCC_INLINES_ARE_PRIVATE_EXTERN = NO;
				GCC_OPTIMIZATION_LEVEL = 0;
				GCC_PREPROCESSOR_DEFINITIONS = "'CMAKE_INTDIR=\"$(CONFIGURATION)$(EFFECTIVE_PLATFORM_NAME)\"'";
				GCC_SYMBOLS_PRIVATE_EXTERN = NO;
				INSTALL_PATH = "";
				OTHER_LDFLAGS = " ";
				OTHER_REZFLAGS = "";
				PRODUCT_NAME = ALL_BUILD;
				SECTORDER_FLAGS = "";
				SYMROOT = /Users/yanai/Desktop/YanaiLib/xcode;
				USE_HEADERMAP = NO;
				WARNING_CFLAGS = (
					"-Wmost",
					"-Wno-four-char-constants",
					"-Wno-unknown-pragmas",
					"$(inherited)",
				);
			};
			name = RelWithDebInfo;
		};
/* End XCBuildConfiguration section */

/* Begin XCConfigurationList section */
		0A47F9C21B6B4A9B8796EFA2 /* Build configuration list for PBXNativeTarget "YanaiLib" */ = {
			isa = XCConfigurationList;
			buildConfigurations = (
				66454171414140519A4D730A /* Debug */,
				EF62511C7B964C439AC0F420 /* Release */,
				B25C60300FA24B369614D74A /* MinSizeRel */,
				DE2381081CB34ED6AE383750 /* RelWithDebInfo */,
			);
			defaultConfigurationIsVisible = 0;
			defaultConfigurationName = Debug;
		};
		2AFBB3A693ED480EA42E9896 /* Build configuration list for PBXAggregateTarget "ALL_BUILD" */ = {
			isa = XCConfigurationList;
			buildConfigurations = (
				A0CE5B212E2441BD90C1E787 /* Debug */,
				CD3C864C567F4D92A44B3597 /* Release */,
				97B410B2F0704D79ACE468A0 /* MinSizeRel */,
				F6224179822248128CA954A7 /* RelWithDebInfo */,
			);
			defaultConfigurationIsVisible = 0;
			defaultConfigurationName = Debug;
		};
		590BD55E18B045FD9CFDA8FA /* Build configuration list for PBXAggregateTarget "ZERO_CHECK" */ = {
			isa = XCConfigurationList;
			buildConfigurations = (
				8D4A1151FE644F3D9B9F6F5B /* Debug */,
				F425768BDA3649FD94760192 /* Release */,
				E486A18F32834322B94D2DCF /* MinSizeRel */,
				0E764BCD818749D3A985D609 /* RelWithDebInfo */,
			);
			defaultConfigurationIsVisible = 0;
			defaultConfigurationName = Debug;
		};
		CF754B23B3BD42F5AB5EFDB6 /* Build configuration list for PBXProject "YanaiLib" */ = {
			isa = XCConfigurationList;
			buildConfigurations = (
				345A1A79E2B7480591687004 /* Debug */,
				44F728306DEA4C039B779BB8 /* Release */,
				1847DDE25761408986404354 /* MinSizeRel */,
				3DEDFF4EBA3A4C56A67AC08B /* RelWithDebInfo */,
			);
			defaultConfigurationIsVisible = 0;
			defaultConfigurationName = Debug;
		};
/* End XCConfigurationList section */
	};
	rootObject = 6700EDD4D6F848E3B3E2F729 /* Project object */;
}
