<?xml version="1.0" encoding="UTF-8"?>
<Project ToolsVersion="14.0" xmlns="http://schemas.microsoft.com/developer/msbuild/2003">
  <ItemGroup>
    <ClCompile Include="C:\Users\USER\Desktop\YanaiLib\src\lib\app.cpp">
      <Filter>Source Files</Filter>
    </ClCompile>
    <ClCompile Include="C:\Users\USER\Desktop\YanaiLib\src\lib\clock.cpp">
      <Filter>Source Files</Filter>
    </ClCompile>
    <ClCompile Include="C:\Users\USER\Desktop\YanaiLib\src\lib\color.cpp">
      <Filter>Source Files</Filter>
    </ClCompile>
    <ClCompile Include="C:\Users\USER\Desktop\YanaiLib\src\lib\font.cpp">
      <Filter>Source Files</Filter>
    </ClCompile>
    <ClCompile Include="C:\Users\USER\Desktop\YanaiLib\src\lib\graphic.cpp">
      <Filter>Source Files</Filter>
    </ClCompile>
    <ClCompile Include="C:\Users\USER\Desktop\YanaiLib\src\lib\key.cpp">
      <Filter>Source Files</Filter>
    </ClCompile>
    <ClCompile Include="C:\Users\USER\Desktop\YanaiLib\src\lib\mouse.cpp">
      <Filter>Source Files</Filter>
    </ClCompile>
    <ClCompile Include="C:\Users\USER\Desktop\YanaiLib\src\lib\random.cpp">
      <Filter>Source Files</Filter>
    </ClCompile>
    <ClCompile Include="C:\Users\USER\Desktop\YanaiLib\src\lib\vector.cpp">
      <Filter>Source Files</Filter>
    </ClCompile>
  </ItemGroup>
  <ItemGroup>
    <ClInclude Include="C:\Users\USER\Desktop\YanaiLib\src\lib\app.hpp">
      <Filter>Header Files</Filter>
    </ClInclude>
    <ClInclude Include="C:\Users\USER\Desktop\YanaiLib\src\lib\clock.hpp">
      <Filter>Header Files</Filter>
    </ClInclude>
    <ClInclude Include="C:\Users\USER\Desktop\YanaiLib\src\lib\color.hpp">
      <Filter>Header Files</Filter>
    </ClInclude>
    <ClInclude Include="C:\Users\USER\Desktop\YanaiLib\src\lib\font.hpp">
      <Filter>Header Files</Filter>
    </ClInclude>
    <ClInclude Include="C:\Users\USER\Desktop\YanaiLib\src\lib\graphic.hpp">
      <Filter>Header Files</Filter>
    </ClInclude>
    <ClInclude Include="C:\Users\USER\Desktop\YanaiLib\src\lib\key.hpp">
      <Filter>Header Files</Filter>
    </ClInclude>
    <ClInclude Include="C:\Users\USER\Desktop\YanaiLib\src\lib\mouse.hpp">
      <Filter>Header Files</Filter>
    </ClInclude>
    <ClInclude Include="C:\Users\USER\Desktop\YanaiLib\src\lib\random.hpp">
      <Filter>Header Files</Filter>
    </ClInclude>
    <ClInclude Include="C:\Users\USER\Desktop\YanaiLib\src\lib\vector.hpp">
      <Filter>Header Files</Filter>
    </ClInclude>
  </ItemGroup>
  <ItemGroup>
    <CustomBuild Include="C:\Users\USER\Desktop\YanaiLib\src\lib\CMakeLists.txt" />
  </ItemGroup>
  <ItemGroup>
    <Filter Include="Source Files">
      <UniqueIdentifier>{8A516B62-1376-37F1-A4D6-CA3F77D650B9}</UniqueIdentifier>
    </Filter>
    <Filter Include="Header Files">
      <UniqueIdentifier>{7961F20A-7987-3C23-8A58-10F5AAE484EF}</UniqueIdentifier>
    </Filter>
  </ItemGroup>
</Project>
